
Microsoft Visual Studio Solution File, Format Version 12.00
# Visual Studio 15
VisualStudioVersion = 15.0.28010.2046
MinimumVisualStudioVersion = 10.0.40219.1
Project("{8BC9CEB8-8B4A-11D0-8D11-00A0C91BC942}") = "FirstLookAtLocalScope", "FirstLookAtLocalScope\FirstLookAtLocalScope.vcxproj", "{8CADF118-8385-465E-AC4D-1739733BC412}"
EndProject
Global
	GlobalSection(SolutionConfigurationPlatforms) = preSolution
		Debug|x64 = Debug|x64
		Debug|x86 = Debug|x86
		Release|x64 = Release|x64
		Release|x86 = Release|x86
	EndGlobalSection
	GlobalSection(ProjectConfigurationPlatforms) = postSolution
		{8CADF118-8385-465E-AC4D-1739733BC412}.Debug|x64.ActiveCfg = Debug|x64
		{8CADF118-8385-465E-AC4D-1739733BC412}.Debug|x64.Build.0 = Debug|x64
		{8CADF118-8385-465E-AC4D-1739733BC412}.Debug|x86.ActiveCfg = Debug|Win32
		{8CADF118-8385-465E-AC4D-1739733BC412}.Debug|x86.Build.0 = Debug|Win32
		{8CADF118-8385-465E-AC4D-1739733BC412}.Release|x64.ActiveCfg = Release|x64
		{8CADF118-8385-465E-AC4D-1739733BC412}.Release|x64.Build.0 = Release|x64
		{8CADF118-8385-465E-AC4D-1739733BC412}.Release|x86.ActiveCfg = Release|Win32
		{8CADF118-8385-465E-AC4D-1739733BC412}.Release|x86.Build.0 = Release|Win32
	EndGlobalSection
	GlobalSection(SolutionProperties) = preSolution
		HideSolutionNode = FALSE
	EndGlobalSection
	GlobalSection(ExtensibilityGlobals) = postSolution
		SolutionGuid = {D032F77D-2C45-4C98-B8A6-76EFE7A5D462}
	EndGlobalSection
EndGlobal
